
Microsoft Visual Studio Solution File, Format Version 12.00
# Visual Studio 15
VisualStudioVersion = 15.0.28307.489
MinimumVisualStudioVersion = 10.0.40219.1
Project("{FAE04EC0-301F-11D3-BF4B-00C04F79EFBC}") = "StolenNetwork", "StolenNetwork\StolenNetwork.csproj", "{8E8A6C0D-D7B9-47CE-BF87-6A4DF24F461B}"
EndProject
Project("{FAE04EC0-301F-11D3-BF4B-00C04F79EFBC}") = "StolenNetwork.RakNet", "StolenNetwork.RakNet\StolenNetwork.RakNet.csproj", "{59CE7B50-A787-4985-B6FC-6B7EDECFCA4C}"
EndProject
Global
	GlobalSection(SolutionConfigurationPlatforms) = preSolution
		Debug|Any CPU = Debug|Any CPU
		Release|Any CPU = Release|Any CPU
	EndGlobalSection
	GlobalSection(ProjectConfigurationPlatforms) = postSolution
		{8E8A6C0D-D7B9-47CE-BF87-6A4DF24F461B}.Debug|Any CPU.ActiveCfg = Debug|Any CPU
		{8E8A6C0D-D7B9-47CE-BF87-6A4DF24F461B}.Debug|Any CPU.Build.0 = Debug|Any CPU
		{8E8A6C0D-D7B9-47CE-BF87-6A4DF24F461B}.Release|Any CPU.ActiveCfg = Release|Any CPU
		{8E8A6C0D-D7B9-47CE-BF87-6A4DF24F461B}.Release|Any CPU.Build.0 = Release|Any CPU
		{59CE7B50-A787-4985-B6FC-6B7EDECFCA4C}.Debug|Any CPU.ActiveCfg = Debug|Any CPU
		{59CE7B50-A787-4985-B6FC-6B7EDECFCA4C}.Debug|Any CPU.Build.0 = Debug|Any CPU
		{59CE7B50-A787-4985-B6FC-6B7EDECFCA4C}.Release|Any CPU.ActiveCfg = Release|Any CPU
		{59CE7B50-A787-4985-B6FC-6B7EDECFCA4C}.Release|Any CPU.Build.0 = Release|Any CPU
	EndGlobalSection
	GlobalSection(SolutionProperties) = preSolution
		HideSolutionNode = FALSE
	EndGlobalSection
	GlobalSection(ExtensibilityGlobals) = postSolution
		SolutionGuid = {D348254C-1077-440D-A63E-5E8A1B2044BC}
	EndGlobalSection
EndGlobal
