
Microsoft Visual Studio Solution File, Format Version 12.00
# Visual Studio Version 16
VisualStudioVersion = 16.0.29306.81
MinimumVisualStudioVersion = 10.0.40219.1
Project("{9A19103F-16F7-4668-BE54-9A1E7A4F7556}") = "StolenNetwork", "StolenNetwork\StolenNetwork.csproj", "{8E8A6C0D-D7B9-47CE-BF87-6A4DF24F461B}"
EndProject
Project("{9A19103F-16F7-4668-BE54-9A1E7A4F7556}") = "StolenNetwork.Debug", "StolenNetwork.Debug\StolenNetwork.Debug.csproj", "{6B57648E-5183-42CD-B124-3C7EF2009E1D}"
EndProject
Global
	GlobalSection(SolutionConfigurationPlatforms) = preSolution
		Debug|Any CPU = Debug|Any CPU
		Release.Android|Any CPU = Release.Android|Any CPU
		Release|Any CPU = Release|Any CPU
	EndGlobalSection
	GlobalSection(ProjectConfigurationPlatforms) = postSolution
		{8E8A6C0D-D7B9-47CE-BF87-6A4DF24F461B}.Debug|Any CPU.ActiveCfg = Debug|Any CPU
		{8E8A6C0D-D7B9-47CE-BF87-6A4DF24F461B}.Debug|Any CPU.Build.0 = Debug|Any CPU
		{8E8A6C0D-D7B9-47CE-BF87-6A4DF24F461B}.Release.Android|Any CPU.ActiveCfg = Release.Android|Any CPU
		{8E8A6C0D-D7B9-47CE-BF87-6A4DF24F461B}.Release.Android|Any CPU.Build.0 = Release.Android|Any CPU
		{8E8A6C0D-D7B9-47CE-BF87-6A4DF24F461B}.Release|Any CPU.ActiveCfg = Release|Any CPU
		{8E8A6C0D-D7B9-47CE-BF87-6A4DF24F461B}.Release|Any CPU.Build.0 = Release|Any CPU
		{6B57648E-5183-42CD-B124-3C7EF2009E1D}.Debug|Any CPU.ActiveCfg = Debug|Any CPU
		{6B57648E-5183-42CD-B124-3C7EF2009E1D}.Debug|Any CPU.Build.0 = Debug|Any CPU
		{6B57648E-5183-42CD-B124-3C7EF2009E1D}.Release.Android|Any CPU.ActiveCfg = Release.Android|Any CPU
		{6B57648E-5183-42CD-B124-3C7EF2009E1D}.Release.Android|Any CPU.Build.0 = Release.Android|Any CPU
		{6B57648E-5183-42CD-B124-3C7EF2009E1D}.Release|Any CPU.ActiveCfg = Release|Any CPU
		{6B57648E-5183-42CD-B124-3C7EF2009E1D}.Release|Any CPU.Build.0 = Release|Any CPU
	EndGlobalSection
	GlobalSection(SolutionProperties) = preSolution
		HideSolutionNode = FALSE
	EndGlobalSection
	GlobalSection(ExtensibilityGlobals) = postSolution
		SolutionGuid = {D348254C-1077-440D-A63E-5E8A1B2044BC}
	EndGlobalSection
EndGlobal
